// !$*UTF8*$!
{
	archiveVersion = 1;
	classes = {
	};
	objectVersion = 46;
	objects = {

/* Begin PBXBuildFile section */
		15ED44C63EFDCC36D6FC3B7A /* Pods_iOS_TechPost1.framework in Frameworks */ = {isa = PBXBuildFile; fileRef = B37E4F15DC48BF67A41F013A /* Pods_iOS_TechPost1.framework */; };
		959FEC551EA808EF00B2EE18 /* Models.swift in Sources */ = {isa = PBXBuildFile; fileRef = 959FEC541EA808EF00B2EE18 /* Models.swift */; };
		95B93E7F1EA806BE00428C8D /* FetchData.swift in Sources */ = {isa = PBXBuildFile; fileRef = 95B93E7E1EA806BE00428C8D /* FetchData.swift */; };
		95F1C5101EA8011F00488FC4 /* AppDelegate.swift in Sources */ = {isa = PBXBuildFile; fileRef = 95F1C50F1EA8011F00488FC4 /* AppDelegate.swift */; };
		95F1C5121EA8011F00488FC4 /* ViewController.swift in Sources */ = {isa = PBXBuildFile; fileRef = 95F1C5111EA8011F00488FC4 /* ViewController.swift */; };
		95F1C5151EA8011F00488FC4 /* Main.storyboard in Resources */ = {isa = PBXBuildFile; fileRef = 95F1C5131EA8011F00488FC4 /* Main.storyboard */; };
		95F1C5171EA8011F00488FC4 /* Assets.xcassets in Resources */ = {isa = PBXBuildFile; fileRef = 95F1C5161EA8011F00488FC4 /* Assets.xcassets */; };
		95F1C51A1EA8011F00488FC4 /* LaunchScreen.storyboard in Resources */ = {isa = PBXBuildFile; fileRef = 95F1C5181EA8011F00488FC4 /* LaunchScreen.storyboard */; };
/* End PBXBuildFile section */

/* Begin PBXFileReference section */
		959FEC541EA808EF00B2EE18 /* Models.swift */ = {isa = PBXFileReference; fileEncoding = 4; lastKnownFileType = sourcecode.swift; path = Models.swift; sourceTree = "<group>"; };
		95B93E7E1EA806BE00428C8D /* FetchData.swift */ = {isa = PBXFileReference; fileEncoding = 4; lastKnownFileType = sourcecode.swift; path = FetchData.swift; sourceTree = "<group>"; };
		95F1C50C1EA8011F00488FC4 /* iOS-TechPost1.app */ = {isa = PBXFileReference; explicitFileType = wrapper.application; includeInIndex = 0; path = "iOS-TechPost1.app"; sourceTree = BUILT_PRODUCTS_DIR; };
		95F1C50F1EA8011F00488FC4 /* AppDelegate.swift */ = {isa = PBXFileReference; lastKnownFileType = sourcecode.swift; path = AppDelegate.swift; sourceTree = "<group>"; };
		95F1C5111EA8011F00488FC4 /* ViewController.swift */ = {isa = PBXFileReference; lastKnownFileType = sourcecode.swift; path = ViewController.swift; sourceTree = "<group>"; };
		95F1C5141EA8011F00488FC4 /* Base */ = {isa = PBXFileReference; lastKnownFileType = file.storyboard; name = Base; path = Base.lproj/Main.storyboard; sourceTree = "<group>"; };
		95F1C5161EA8011F00488FC4 /* Assets.xcassets */ = {isa = PBXFileReference; lastKnownFileType = folder.assetcatalog; path = Assets.xcassets; sourceTree = "<group>"; };
		95F1C5191EA8011F00488FC4 /* Base */ = {isa = PBXFileReference; lastKnownFileType = file.storyboard; name = Base; path = Base.lproj/LaunchScreen.storyboard; sourceTree = "<group>"; };
		95F1C51B1EA8011F00488FC4 /* Info.plist */ = {isa = PBXFileReference; lastKnownFileType = text.plist.xml; path = Info.plist; sourceTree = "<group>"; };
		B37E4F15DC48BF67A41F013A /* Pods_iOS_TechPost1.framework */ = {isa = PBXFileReference; explicitFileType = wrapper.framework; includeInIndex = 0; path = Pods_iOS_TechPost1.framework; sourceTree = BUILT_PRODUCTS_DIR; };
		C47F3DE5A42DFF109EE38755 /* Pods-iOS-TechPost1.debug.xcconfig */ = {isa = PBXFileReference; includeInIndex = 1; lastKnownFileType = text.xcconfig; name = "Pods-iOS-TechPost1.debug.xcconfig"; path = "Pods/Target Support Files/Pods-iOS-TechPost1/Pods-iOS-TechPost1.debug.xcconfig"; sourceTree = "<group>"; };
		F29B64E30DE5B4F4155E8BD0 /* Pods-iOS-TechPost1.release.xcconfig */ = {isa = PBXFileReference; includeInIndex = 1; lastKnownFileType = text.xcconfig; name = "Pods-iOS-TechPost1.release.xcconfig"; path = "Pods/Target Support Files/Pods-iOS-TechPost1/Pods-iOS-TechPost1.release.xcconfig"; sourceTree = "<group>"; };
/* End PBXFileReference section */

/* Begin PBXFrameworksBuildPhase section */
		95F1C5091EA8011F00488FC4 /* Frameworks */ = {
			isa = PBXFrameworksBuildPhase;
			buildActionMask = 2147483647;
			files = (
				15ED44C63EFDCC36D6FC3B7A /* Pods_iOS_TechPost1.framework in Frameworks */,
			);
			runOnlyForDeploymentPostprocessing = 0;
		};
/* End PBXFrameworksBuildPhase section */

/* Begin PBXGroup section */
		8B4980AC828E17D265A11919 /* Frameworks */ = {
			isa = PBXGroup;
			children = (
				B37E4F15DC48BF67A41F013A /* Pods_iOS_TechPost1.framework */,
			);
			name = Frameworks;
			sourceTree = "<group>";
		};
		95F1C5031EA8011F00488FC4 = {
			isa = PBXGroup;
			children = (
				95F1C50E1EA8011F00488FC4 /* iOS-TechPost1 */,
				95F1C50D1EA8011F00488FC4 /* Products */,
				97D92E2D54795CC3BDDB236F /* Pods */,
				8B4980AC828E17D265A11919 /* Frameworks */,
			);
			sourceTree = "<group>";
		};
		95F1C50D1EA8011F00488FC4 /* Products */ = {
			isa = PBXGroup;
			children = (
				95F1C50C1EA8011F00488FC4 /* iOS-TechPost1.app */,
			);
			name = Products;
			sourceTree = "<group>";
		};
		95F1C50E1EA8011F00488FC4 /* iOS-TechPost1 */ = {
			isa = PBXGroup;
			children = (
				95F1C50F1EA8011F00488FC4 /* AppDelegate.swift */,
				95F1C5111EA8011F00488FC4 /* ViewController.swift */,
				95F1C5131EA8011F00488FC4 /* Main.storyboard */,
				95F1C5161EA8011F00488FC4 /* Assets.xcassets */,
				95F1C5181EA8011F00488FC4 /* LaunchScreen.storyboard */,
				95F1C51B1EA8011F00488FC4 /* Info.plist */,
				95B93E7E1EA806BE00428C8D /* FetchData.swift */,
				959FEC541EA808EF00B2EE18 /* Models.swift */,
			);
			path = "iOS-TechPost1";
			sourceTree = "<group>";
		};
		97D92E2D54795CC3BDDB236F /* Pods */ = {
			isa = PBXGroup;
			children = (
				C47F3DE5A42DFF109EE38755 /* Pods-iOS-TechPost1.debug.xcconfig */,
				F29B64E30DE5B4F4155E8BD0 /* Pods-iOS-TechPost1.release.xcconfig */,
			);
			name = Pods;
			sourceTree = "<group>";
		};
/* End PBXGroup section */

/* Begin PBXNativeTarget section */
		95F1C50B1EA8011F00488FC4 /* iOS-TechPost1 */ = {
			isa = PBXNativeTarget;
			buildConfigurationList = 95F1C51E1EA8011F00488FC4 /* Build configuration list for PBXNativeTarget "iOS-TechPost1" */;
			buildPhases = (
				064713F79E77A7A10EBC663A /* [CP] Check Pods Manifest.lock */,
				95F1C5081EA8011F00488FC4 /* Sources */,
				95F1C5091EA8011F00488FC4 /* Frameworks */,
				95F1C50A1EA8011F00488FC4 /* Resources */,
				78A92211E72787944C1C1FBD /* [CP] Embed Pods Frameworks */,
				3D8342C77D9FE0DDD31F248B /* [CP] Copy Pods Resources */,
			);
			buildRules = (
			);
			dependencies = (
			);
			name = "iOS-TechPost1";
			productName = "iOS-TechPost1";
			productReference = 95F1C50C1EA8011F00488FC4 /* iOS-TechPost1.app */;
			productType = "com.apple.product-type.application";
		};
/* End PBXNativeTarget section */

/* Begin PBXProject section */
		95F1C5041EA8011F00488FC4 /* Project object */ = {
			isa = PBXProject;
			attributes = {
				LastSwiftUpdateCheck = 0830;
				LastUpgradeCheck = 0830;
				ORGANIZATIONNAME = Codefume;
				TargetAttributes = {
					95F1C50B1EA8011F00488FC4 = {
						CreatedOnToolsVersion = 8.3.1;
						DevelopmentTeam = 3Q3NT65HWY;
						ProvisioningStyle = Automatic;
					};
				};
			};
			buildConfigurationList = 95F1C5071EA8011F00488FC4 /* Build configuration list for PBXProject "iOS-TechPost1" */;
			compatibilityVersion = "Xcode 3.2";
			developmentRegion = English;
			hasScannedForEncodings = 0;
			knownRegions = (
				en,
				Base,
			);
			mainGroup = 95F1C5031EA8011F00488FC4;
			productRefGroup = 95F1C50D1EA8011F00488FC4 /* Products */;
			projectDirPath = "";
			projectRoot = "";
			targets = (
				95F1C50B1EA8011F00488FC4 /* iOS-TechPost1 */,
			);
		};
/* End PBXProject section */

/* Begin PBXResourcesBuildPhase section */
		95F1C50A1EA8011F00488FC4 /* Resources */ = {
			isa = PBXResourcesBuildPhase;
			buildActionMask = 2147483647;
			files = (
				95F1C51A1EA8011F00488FC4 /* LaunchScreen.storyboard in Resources */,
				95F1C5171EA8011F00488FC4 /* Assets.xcassets in Resources */,
				95F1C5151EA8011F00488FC4 /* Main.storyboard in Resources */,
			);
			runOnlyForDeploymentPostprocessing = 0;
		};
/* End PBXResourcesBuildPhase section */

/* Begin PBXShellScriptBuildPhase section */
		064713F79E77A7A10EBC663A /* [CP] Check Pods Manifest.lock */ = {
			isa = PBXShellScriptBuildPhase;
			buildActionMask = 2147483647;
			files = (
			);
			inputPaths = (
			);
			name = "[CP] Check Pods Manifest.lock";
			outputPaths = (
			);
			runOnlyForDeploymentPostprocessing = 0;
			shellPath = /bin/sh;
			shellScript = "diff \"${PODS_ROOT}/../Podfile.lock\" \"${PODS_ROOT}/Manifest.lock\" > /dev/null\nif [ $? != 0 ] ; then\n    # print error to STDERR\n    echo \"error: The sandbox is not in sync with the Podfile.lock. Run 'pod install' or update your CocoaPods installation.\" >&2\n    exit 1\nfi\n";
			showEnvVarsInLog = 0;
		};
		3D8342C77D9FE0DDD31F248B /* [CP] Copy Pods Resources */ = {
			isa = PBXShellScriptBuildPhase;
			buildActionMask = 2147483647;
			files = (
			);
			inputPaths = (
			);
			name = "[CP] Copy Pods Resources";
			outputPaths = (
			);
			runOnlyForDeploymentPostprocessing = 0;
			shellPath = /bin/sh;
			shellScript = "\"${SRCROOT}/Pods/Target Support Files/Pods-iOS-TechPost1/Pods-iOS-TechPost1-resources.sh\"\n";
			showEnvVarsInLog = 0;
		};
		78A92211E72787944C1C1FBD /* [CP] Embed Pods Frameworks */ = {
			isa = PBXShellScriptBuildPhase;
			buildActionMask = 2147483647;
			files = (
			);
			inputPaths = (
			);
			name = "[CP] Embed Pods Frameworks";
			outputPaths = (
			);
			runOnlyForDeploymentPostprocessing = 0;
			shellPath = /bin/sh;
			shellScript = "\"${SRCROOT}/Pods/Target Support Files/Pods-iOS-TechPost1/Pods-iOS-TechPost1-frameworks.sh\"\n";
			showEnvVarsInLog = 0;
		};
/* End PBXShellScriptBuildPhase section */

/* Begin PBXSourcesBuildPhase section */
		95F1C5081EA8011F00488FC4 /* Sources */ = {
			isa = PBXSourcesBuildPhase;
			buildActionMask = 2147483647;
			files = (
				95F1C5121EA8011F00488FC4 /* ViewController.swift in Sources */,
				95B93E7F1EA806BE00428C8D /* FetchData.swift in Sources */,
				95F1C5101EA8011F00488FC4 /* AppDelegate.swift in Sources */,
				959FEC551EA808EF00B2EE18 /* Models.swift in Sources */,
			);
			runOnlyForDeploymentPostprocessing = 0;
		};
/* End PBXSourcesBuildPhase section */

/* Begin PBXVariantGroup section */
		95F1C5131EA8011F00488FC4 /* Main.storyboard */ = {
			isa = PBXVariantGroup;
			children = (
				95F1C5141EA8011F00488FC4 /* Base */,
			);
			name = Main.storyboard;
			sourceTree = "<group>";
		};
		95F1C5181EA8011F00488FC4 /* LaunchScreen.storyboard */ = {
			isa = PBXVariantGroup;
			children = (
				95F1C5191EA8011F00488FC4 /* Base */,
			);
			name = LaunchScreen.storyboard;
			sourceTree = "<group>";
		};
/* End PBXVariantGroup section */

/* Begin XCBuildConfiguration section */
		95F1C51C1EA8011F00488FC4 /* Debug */ = {
			isa = XCBuildConfiguration;
			buildSettings = {
				ALWAYS_SEARCH_USER_PATHS = NO;
				CLANG_ANALYZER_NONNULL = YES;
				CLANG_ANALYZER_NUMBER_OBJECT_CONVERSION = YES_AGGRESSIVE;
				CLANG_CXX_LANGUAGE_STANDARD = "gnu++0x";
				CLANG_CXX_LIBRARY = "libc++";
				CLANG_ENABLE_MODULES = YES;
				CLANG_ENABLE_OBJC_ARC = YES;
				CLANG_WARN_BOOL_CONVERSION = YES;
				CLANG_WARN_CONSTANT_CONVERSION = YES;
				CLANG_WARN_DIRECT_OBJC_ISA_USAGE = YES_ERROR;
				CLANG_WARN_DOCUMENTATION_COMMENTS = YES;
				CLANG_WARN_EMPTY_BODY = YES;
				CLANG_WARN_ENUM_CONVERSION = YES;
				CLANG_WARN_INFINITE_RECURSION = YES;
				CLANG_WARN_INT_CONVERSION = YES;
				CLANG_WARN_OBJC_ROOT_CLASS = YES_ERROR;
				CLANG_WARN_SUSPICIOUS_MOVE = YES;
				CLANG_WARN_UNREACHABLE_CODE = YES;
				CLANG_WARN__DUPLICATE_METHOD_MATCH = YES;
				"CODE_SIGN_IDENTITY[sdk=iphoneos*]" = "iPhone Developer";
				COPY_PHASE_STRIP = NO;
				DEBUG_INFORMATION_FORMAT = dwarf;
				ENABLE_STRICT_OBJC_MSGSEND = YES;
				ENABLE_TESTABILITY = YES;
				GCC_C_LANGUAGE_STANDARD = gnu99;
				GCC_DYNAMIC_NO_PIC = NO;
				GCC_NO_COMMON_BLOCKS = YES;
				GCC_OPTIMIZATION_LEVEL = 0;
				GCC_PREPROCESSOR_DEFINITIONS = (
					"DEBUG=1",
					"$(inherited)",
				);
				GCC_WARN_64_TO_32_BIT_CONVERSION = YES;
				GCC_WARN_ABOUT_RETURN_TYPE = YES_ERROR;
				GCC_WARN_UNDECLARED_SELECTOR = YES;
				GCC_WARN_UNINITIALIZED_AUTOS = YES_AGGRESSIVE;
				GCC_WARN_UNUSED_FUNCTION = YES;
				GCC_WARN_UNUSED_VARIABLE = YES;
				IPHONEOS_DEPLOYMENT_TARGET = 10.3;
				MTL_ENABLE_DEBUG_INFO = YES;
				ONLY_ACTIVE_ARCH = YES;
				SDKROOT = iphoneos;
				SWIFT_ACTIVE_COMPILATION_CONDITIONS = DEBUG;
				SWIFT_OPTIMIZATION_LEVEL = "-Onone";
				TARGETED_DEVICE_FAMILY = "1,2";
			};
			name = Debug;
		};
		95F1C51D1EA8011F00488FC4 /* Release */ = {
			isa = XCBuildConfiguration;
			buildSettings = {
				ALWAYS_SEARCH_USER_PATHS = NO;
				CLANG_ANALYZER_NONNULL = YES;
				CLANG_ANALYZER_NUMBER_OBJECT_CONVERSION = YES_AGGRESSIVE;
				CLANG_CXX_LANGUAGE_STANDARD = "gnu++0x";
				CLANG_CXX_LIBRARY = "libc++";
				CLANG_ENABLE_MODULES = YES;
				CLANG_ENABLE_OBJC_ARC = YES;
				CLANG_WARN_BOOL_CONVERSION = YES;
				CLANG_WARN_CONSTANT_CONVERSION = YES;
				CLANG_WARN_DIRECT_OBJC_ISA_USAGE = YES_ERROR;
				CLANG_WARN_DOCUMENTATION_COMMENTS = YES;
				CLANG_WARN_EMPTY_BODY = YES;
				CLANG_WARN_ENUM_CONVERSION = YES;
				CLANG_WARN_INFINITE_RECURSION = YES;
				CLANG_WARN_INT_CONVERSION = YES;
				CLANG_WARN_OBJC_ROOT_CLASS = YES_ERROR;
				CLANG_WARN_SUSPICIOUS_MOVE = YES;
				CLANG_WARN_UNREACHABLE_CODE = YES;
				CLANG_WARN__DUPLICATE_METHOD_MATCH = YES;
				"CODE_SIGN_IDENTITY[sdk=iphoneos*]" = "iPhone Developer";
				COPY_PHASE_STRIP = NO;
				DEBUG_INFORMATION_FORMAT = "dwarf-with-dsym";
				ENABLE_NS_ASSERTIONS = NO;
				ENABLE_STRICT_OBJC_MSGSEND = YES;
				GCC_C_LANGUAGE_STANDARD = gnu99;
				GCC_NO_COMMON_BLOCKS = YES;
				GCC_WARN_64_TO_32_BIT_CONVERSION = YES;
				GCC_WARN_ABOUT_RETURN_TYPE = YES_ERROR;
				GCC_WARN_UNDECLARED_SELECTOR = YES;
				GCC_WARN_UNINITIALIZED_AUTOS = YES_AGGRESSIVE;
				GCC_WARN_UNUSED_FUNCTION = YES;
				GCC_WARN_UNUSED_VARIABLE = YES;
				IPHONEOS_DEPLOYMENT_TARGET = 10.3;
				MTL_ENABLE_DEBUG_INFO = NO;
				SDKROOT = iphoneos;
				SWIFT_OPTIMIZATION_LEVEL = "-Owholemodule";
				TARGETED_DEVICE_FAMILY = "1,2";
				VALIDATE_PRODUCT = YES;
			};
			name = Release;
		};
		95F1C51F1EA8011F00488FC4 /* Debug */ = {
			isa = XCBuildConfiguration;
			baseConfigurationReference = C47F3DE5A42DFF109EE38755 /* Pods-iOS-TechPost1.debug.xcconfig */;
			buildSettings = {
				ASSETCATALOG_COMPILER_APPICON_NAME = AppIcon;
				DEVELOPMENT_TEAM = 3Q3NT65HWY;
				INFOPLIST_FILE = "iOS-TechPost1/Info.plist";
				IPHONEOS_DEPLOYMENT_TARGET = 9.0;
				LD_RUNPATH_SEARCH_PATHS = "$(inherited) @executable_path/Frameworks";
				PRODUCT_BUNDLE_IDENTIFIER = "com.codefume.iOS-TechPost1";
				PRODUCT_NAME = "$(TARGET_NAME)";
				SWIFT_VERSION = 3.0;
			};
			name = Debug;
		};
		95F1C5201EA8011F00488FC4 /* Release */ = {
			isa = XCBuildConfiguration;
			baseConfigurationReference = F29B64E30DE5B4F4155E8BD0 /* Pods-iOS-TechPost1.release.xcconfig */;
			buildSettings = {
				ASSETCATALOG_COMPILER_APPICON_NAME = AppIcon;
				DEVELOPMENT_TEAM = 3Q3NT65HWY;
				INFOPLIST_FILE = "iOS-TechPost1/Info.plist";
				IPHONEOS_DEPLOYMENT_TARGET = 9.0;
				LD_RUNPATH_SEARCH_PATHS = "$(inherited) @executable_path/Frameworks";
				PRODUCT_BUNDLE_IDENTIFIER = "com.codefume.iOS-TechPost1";
				PRODUCT_NAME = "$(TARGET_NAME)";
				SWIFT_VERSION = 3.0;
			};
			name = Release;
		};
/* End XCBuildConfiguration section */

/* Begin XCConfigurationList section */
		95F1C5071EA8011F00488FC4 /* Build configuration list for PBXProject "iOS-TechPost1" */ = {
			isa = XCConfigurationList;
			buildConfigurations = (
				95F1C51C1EA8011F00488FC4 /* Debug */,
				95F1C51D1EA8011F00488FC4 /* Release */,
			);
			defaultConfigurationIsVisible = 0;
			defaultConfigurationName = Release;
		};
		95F1C51E1EA8011F00488FC4 /* Build configuration list for PBXNativeTarget "iOS-TechPost1" */ = {
			isa = XCConfigurationList;
			buildConfigurations = (
				95F1C51F1EA8011F00488FC4 /* Debug */,
				95F1C5201EA8011F00488FC4 /* Release */,
			);
			defaultConfigurationIsVisible = 0;
			defaultConfigurationName = Release;
		};
/* End XCConfigurationList section */
	};
	rootObject = 95F1C5041EA8011F00488FC4 /* Project object */;
}
